schema: '2.0'
stages:
  load_data:
    cmd: python src/stage_01_load.py --config=config/config.yaml
    deps:
    - path: config/config.yaml
      md5: 9978c16449659da95e5c13cccd8d924d
      size: 218
    - path: src/stage_01_load.py
      md5: 11c37c4ff301ac69a77a79f0b6fa9e51
      size: 1156
    - path: src/utils/all_utils.py
      md5: 4be1765a041c8e0ef2703e1a2e6b9d18
      size: 293
    outs:
    - path: data
      md5: fe1560e2fb3c71e1e61be2f70e9df623.dir
      size: 68168597
      nfiles: 2998
